Microsoft Visual Studio Solution File, Format Version 11.00
# Visual Studio 2008

Project("{2373E2D7-1712-F1FB-E651-7F868F621E1B}") = "DefualtProject", "Assembly-CSharp-firstpass-vs.csproj", "{5AD5FB76-0A07-D379-F00D-1240415FF2DA}"
EndProject
Project("{2373E2D7-1712-F1FB-E651-7F868F621E1B}") = "DefualtProject", "Assembly-CSharp-vs.csproj", "{9964E6ED-D6DD-1EBD-E6BE-0977F8878AE0}"
EndProject
Project("{2373E2D7-1712-F1FB-E651-7F868F621E1B}") = "DefualtProject", "Assembly-CSharp-Editor-vs.csproj", "{97DF535A-48D6-FF34-FBD1-3280B2ADCDDF}"
EndProject
Global
	GlobalSection(SolutionConfigurationPlatforms) = preSolution
		Debug|Any CPU = Debug|Any CPU
		Release|Any CPU = Release|Any CPU
	EndGlobalSection
	GlobalSection(ProjectConfigurationPlatforms) = postSolution
		{5AD5FB76-0A07-D379-F00D-1240415FF2DA}.Debug|Any CPU.ActiveCfg = Debug|Any CPU
		{5AD5FB76-0A07-D379-F00D-1240415FF2DA}.Debug|Any CPU.Build.0 = Debug|Any CPU
		{5AD5FB76-0A07-D379-F00D-1240415FF2DA}.Release|Any CPU.ActiveCfg = Release|Any CPU
		{5AD5FB76-0A07-D379-F00D-1240415FF2DA}.Release|Any CPU.Build.0 = Release|Any CPU
		{9964E6ED-D6DD-1EBD-E6BE-0977F8878AE0}.Debug|Any CPU.ActiveCfg = Debug|Any CPU
		{9964E6ED-D6DD-1EBD-E6BE-0977F8878AE0}.Debug|Any CPU.Build.0 = Debug|Any CPU
		{9964E6ED-D6DD-1EBD-E6BE-0977F8878AE0}.Release|Any CPU.ActiveCfg = Release|Any CPU
		{9964E6ED-D6DD-1EBD-E6BE-0977F8878AE0}.Release|Any CPU.Build.0 = Release|Any CPU
		{97DF535A-48D6-FF34-FBD1-3280B2ADCDDF}.Debug|Any CPU.ActiveCfg = Debug|Any CPU
		{97DF535A-48D6-FF34-FBD1-3280B2ADCDDF}.Debug|Any CPU.Build.0 = Debug|Any CPU
		{97DF535A-48D6-FF34-FBD1-3280B2ADCDDF}.Release|Any CPU.ActiveCfg = Release|Any CPU
		{97DF535A-48D6-FF34-FBD1-3280B2ADCDDF}.Release|Any CPU.Build.0 = Release|Any CPU
	EndGlobalSection
	GlobalSection(SolutionProperties) = preSolution
		HideSolutionNode = FALSE
	EndGlobalSection
																			GlobalSection(MonoDevelopProperties) = preSolution
		StartupItem = Assembly-CSharp.csproj
		Policies = $0
		$0.TextStylePolicy = $1
		$1.inheritsSet = null
		$1.scope = text/x-csharp
		$0.CSharpFormattingPolicy = $2
		$2.inheritsSet = Mono
		$2.inheritsScope = text/x-csharp
		$2.scope = text/x-csharp
		$0.TextStylePolicy = $3
		$3.FileWidth = 120
		$3.TabWidth = 4
		$3.EolMarker = Unix
		$3.inheritsSet = Mono
		$3.inheritsScope = text/plain
		$3.scope = text/plain
	EndGlobalSection

EndGlobal
